// !$*UTF8*$!
{
	archiveVersion = 1;
	classes = {
	};
	objectVersion = 77;
	objects = {

/* Begin PBXContainerItemProxy section */
		DEB3C6122E91B17B00CDEB94 /* PBXContainerItemProxy */ = {
			isa = PBXContainerItemProxy;
			containerPortal = DEB3C5FC2E91B17900CDEB94 /* Project object */;
			proxyType = 1;
			remoteGlobalIDString = DEB3C6032E91B17900CDEB94;
			remoteInfo = SpaceApps_Platano;
		};
		DEB3C61C2E91B17B00CDEB94 /* PBXContainerItemProxy */ = {
			isa = PBXContainerItemProxy;
			containerPortal = DEB3C5FC2E91B17900CDEB94 /* Project object */;
			proxyType = 1;
			remoteGlobalIDString = DEB3C6032E91B17900CDEB94;
			remoteInfo = SpaceApps_Platano;
		};
/* End PBXContainerItemProxy section */

/* Begin PBXFileReference section */
		DEB3C6042E91B17900CDEB94 /* SpaceApps_Platano.app */ = {isa = PBXFileReference; explicitFileType = wrapper.application; includeInIndex = 0; path = SpaceApps_Platano.app; sourceTree = BUILT_PRODUCTS_DIR; };
		DEB3C6112E91B17B00CDEB94 /* SpaceApps_PlatanoTests.xctest */ = {isa = PBXFileReference; explicitFileType = wrapper.cfbundle; includeInIndex = 0; path = SpaceApps_PlatanoTests.xctest; sourceTree = BUILT_PRODUCTS_DIR; };
		DEB3C61B2E91B17B00CDEB94 /* SpaceApps_PlatanoUITests.xctest */ = {isa = PBXFileReference; explicitFileType = wrapper.cfbundle; includeInIndex = 0; path = SpaceApps_PlatanoUITests.xctest; sourceTree = BUILT_PRODUCTS_DIR; };
/* End PBXFileReference section */

/* Begin PBXFileSystemSynchronizedRootGroup section */
		DEB3C6062E91B17900CDEB94 /* SpaceApps_Platano */ = {
			isa = PBXFileSystemSynchronizedRootGroup;
			path = SpaceApps_Platano;
			sourceTree = "<group>";
		};
		DEB3C6142E91B17B00CDEB94 /* SpaceApps_PlatanoTests */ = {
			isa = PBXFileSystemSynchronizedRootGroup;
			path = SpaceApps_PlatanoTests;
			sourceTree = "<group>";
		};
		DEB3C61E2E91B17B00CDEB94 /* SpaceApps_PlatanoUITests */ = {
			isa = PBXFileSystemSynchronizedRootGroup;
			path = SpaceApps_PlatanoUITests;
			sourceTree = "<group>";
		};
/* End PBXFileSystemSynchronizedRootGroup section */

/* Begin PBXFrameworksBuildPhase section */
		DEB3C6012E91B17900CDEB94 /* Frameworks */ = {
			isa = PBXFrameworksBuildPhase;
			buildActionMask = 2147483647;
			files = (
			);
			runOnlyForDeploymentPostprocessing = 0;
		};
		DEB3C60E2E91B17B00CDEB94 /* Frameworks */ = {
			isa = PBXFrameworksBuildPhase;
			buildActionMask = 2147483647;
			files = (
			);
			runOnlyForDeploymentPostprocessing = 0;
		};
		DEB3C6182E91B17B00CDEB94 /* Frameworks */ = {
			isa = PBXFrameworksBuildPhase;
			buildActionMask = 2147483647;
			files = (
			);
			runOnlyForDeploymentPostprocessing = 0;
		};
/* End PBXFrameworksBuildPhase section */

/* Begin PBXGroup section */
		DEB3C5FB2E91B17900CDEB94 = {
			isa = PBXGroup;
			children = (
				DEB3C6062E91B17900CDEB94 /* SpaceApps_Platano */,
				DEB3C6142E91B17B00CDEB94 /* SpaceApps_PlatanoTests */,
				DEB3C61E2E91B17B00CDEB94 /* SpaceApps_PlatanoUITests */,
				DEB3C6052E91B17900CDEB94 /* Products */,
			);
			sourceTree = "<group>";
		};
		DEB3C6052E91B17900CDEB94 /* Products */ = {
			isa = PBXGroup;
			children = (
				DEB3C6042E91B17900CDEB94 /* SpaceApps_Platano.app */,
				DEB3C6112E91B17B00CDEB94 /* SpaceApps_PlatanoTests.xctest */,
				DEB3C61B2E91B17B00CDEB94 /* SpaceApps_PlatanoUITests.xctest */,
			);
			name = Products;
			sourceTree = "<group>";
		};
/* End PBXGroup section */

/* Begin PBXNativeTarget section */
		DEB3C6032E91B17900CDEB94 /* SpaceApps_Platano */ = {
			isa = PBXNativeTarget;
			buildConfigurationList = DEB3C6252E91B17B00CDEB94 /* Build configuration list for PBXNativeTarget "SpaceApps_Platano" */;
			buildPhases = (
				DEB3C6002E91B17900CDEB94 /* Sources */,
				DEB3C6012E91B17900CDEB94 /* Frameworks */,
				DEB3C6022E91B17900CDEB94 /* Resources */,
			);
			buildRules = (
			);
			dependencies = (
			);
			fileSystemSynchronizedGroups = (
				DEB3C6062E91B17900CDEB94 /* SpaceApps_Platano */,
			);
			name = SpaceApps_Platano;
			packageProductDependencies = (
			);
			productName = SpaceApps_Platano;
			productReference = DEB3C6042E91B17900CDEB94 /* SpaceApps_Platano.app */;
			productType = "com.apple.product-type.application";
		};
		DEB3C6102E91B17B00CDEB94 /* SpaceApps_PlatanoTests */ = {
			isa = PBXNativeTarget;
			buildConfigurationList = DEB3C6282E91B17B00CDEB94 /* Build configuration list for PBXNativeTarget "SpaceApps_PlatanoTests" */;
			buildPhases = (
				DEB3C60D2E91B17B00CDEB94 /* Sources */,
				DEB3C60E2E91B17B00CDEB94 /* Frameworks */,
				DEB3C60F2E91B17B00CDEB94 /* Resources */,
			);
			buildRules = (
			);
			dependencies = (
				DEB3C6132E91B17B00CDEB94 /* PBXTargetDependency */,
			);
			fileSystemSynchronizedGroups = (
				DEB3C6142E91B17B00CDEB94 /* SpaceApps_PlatanoTests */,
			);
			name = SpaceApps_PlatanoTests;
			packageProductDependencies = (
			);
			productName = SpaceApps_PlatanoTests;
			productReference = DEB3C6112E91B17B00CDEB94 /* SpaceApps_PlatanoTests.xctest */;
			productType = "com.apple.product-type.bundle.unit-test";
		};
		DEB3C61A2E91B17B00CDEB94 /* SpaceApps_PlatanoUITests */ = {
			isa = PBXNativeTarget;
			buildConfigurationList = DEB3C62B2E91B17B00CDEB94 /* Build configuration list for PBXNativeTarget "SpaceApps_PlatanoUITests" */;
			buildPhases = (
				DEB3C6172E91B17B00CDEB94 /* Sources */,
				DEB3C6182E91B17B00CDEB94 /* Frameworks */,
				DEB3C6192E91B17B00CDEB94 /* Resources */,
			);
			buildRules = (
			);
			dependencies = (
				DEB3C61D2E91B17B00CDEB94 /* PBXTargetDependency */,
			);
			fileSystemSynchronizedGroups = (
				DEB3C61E2E91B17B00CDEB94 /* SpaceApps_PlatanoUITests */,
			);
			name = SpaceApps_PlatanoUITests;
			packageProductDependencies = (
			);
			productName = SpaceApps_PlatanoUITests;
			productReference = DEB3C61B2E91B17B00CDEB94 /* SpaceApps_PlatanoUITests.xctest */;
			productType = "com.apple.product-type.bundle.ui-testing";
		};
/* End PBXNativeTarget section */

/* Begin PBXProject section */
		DEB3C5FC2E91B17900CDEB94 /* Project object */ = {
			isa = PBXProject;
			attributes = {
				BuildIndependentTargetsInParallel = 1;
				LastSwiftUpdateCheck = 1630;
				LastUpgradeCheck = 1630;
				TargetAttributes = {
					DEB3C6032E91B17900CDEB94 = {
						CreatedOnToolsVersion = 16.3;
					};
					DEB3C6102E91B17B00CDEB94 = {
						CreatedOnToolsVersion = 16.3;
						TestTargetID = DEB3C6032E91B17900CDEB94;
					};
					DEB3C61A2E91B17B00CDEB94 = {
						CreatedOnToolsVersion = 16.3;
						TestTargetID = DEB3C6032E91B17900CDEB94;
					};
				};
			};
			buildConfigurationList = DEB3C5FF2E91B17900CDEB94 /* Build configuration list for PBXProject "SpaceApps_Platano" */;
			developmentRegion = en;
			hasScannedForEncodings = 0;
			knownRegions = (
				en,
				Base,
			);
			mainGroup = DEB3C5FB2E91B17900CDEB94;
			minimizedProjectReferenceProxies = 1;
			preferredProjectObjectVersion = 77;
			productRefGroup = DEB3C6052E91B17900CDEB94 /* Products */;
			projectDirPath = "";
			projectRoot = "";
			targets = (
				DEB3C6032E91B17900CDEB94 /* SpaceApps_Platano */,
				DEB3C6102E91B17B00CDEB94 /* SpaceApps_PlatanoTests */,
				DEB3C61A2E91B17B00CDEB94 /* SpaceApps_PlatanoUITests */,
			);
		};
/* End PBXProject section */

/* Begin PBXResourcesBuildPhase section */
		DEB3C6022E91B17900CDEB94 /* Resources */ = {
			isa = PBXResourcesBuildPhase;
			buildActionMask = 2147483647;
			files = (
			);
			runOnlyForDeploymentPostprocessing = 0;
		};
		DEB3C60F2E91B17B00CDEB94 /* Resources */ = {
			isa = PBXResourcesBuildPhase;
			buildActionMask = 2147483647;
			files = (
			);
			runOnlyForDeploymentPostprocessing = 0;
		};
		DEB3C6192E91B17B00CDEB94 /* Resources */ = {
			isa = PBXResourcesBuildPhase;
			buildActionMask = 2147483647;
			files = (
			);
			runOnlyForDeploymentPostprocessing = 0;
		};
/* End PBXResourcesBuildPhase section */

/* Begin PBXSourcesBuildPhase section */
		DEB3C6002E91B17900CDEB94 /* Sources */ = {
			isa = PBXSourcesBuildPhase;
			buildActionMask = 2147483647;
			files = (
			);
			runOnlyForDeploymentPostprocessing = 0;
		};
		DEB3C60D2E91B17B00CDEB94 /* Sources */ = {
			isa = PBXSourcesBuildPhase;
			buildActionMask = 2147483647;
			files = (
			);
			runOnlyForDeploymentPostprocessing = 0;
		};
		DEB3C6172E91B17B00CDEB94 /* Sources */ = {
			isa = PBXSourcesBuildPhase;
			buildActionMask = 2147483647;
			files = (
			);
			runOnlyForDeploymentPostprocessing = 0;
		};
/* End PBXSourcesBuildPhase section */

/* Begin PBXTargetDependency section */
		DEB3C6132E91B17B00CDEB94 /* PBXTargetDependency */ = {
			isa = PBXTargetDependency;
			target = DEB3C6032E91B17900CDEB94 /* SpaceApps_Platano */;
			targetProxy = DEB3C6122E91B17B00CDEB94 /* PBXContainerItemProxy */;
		};
		DEB3C61D2E91B17B00CDEB94 /* PBXTargetDependency */ = {
			isa = PBXTargetDependency;
			target = DEB3C6032E91B17900CDEB94 /* SpaceApps_Platano */;
			targetProxy = DEB3C61C2E91B17B00CDEB94 /* PBXContainerItemProxy */;
		};
/* End PBXTargetDependency section */

/* Begin XCBuildConfiguration section */
		DEB3C6232E91B17B00CDEB94 /* Debug */ = {
			isa = XCBuildConfiguration;
			buildSettings = {
				ALWAYS_SEARCH_USER_PATHS = NO;
				ASSETCATALOG_COMPILER_GENERATE_SWIFT_ASSET_SYMBOL_EXTENSIONS = YES;
				CLANG_ANALYZER_NONNULL = YES;
				CLANG_ANALYZER_NUMBER_OBJECT_CONVERSION = YES_AGGRESSIVE;
				CLANG_CXX_LANGUAGE_STANDARD = "gnu++20";
				CLANG_ENABLE_MODULES = YES;
				CLANG_ENABLE_OBJC_ARC = YES;
				CLANG_ENABLE_OBJC_WEAK = YES;
				CLANG_WARN_BLOCK_CAPTURE_AUTORELEASING = YES;
				CLANG_WARN_BOOL_CONVERSION = YES;
				CLANG_WARN_COMMA = YES;
				CLANG_WARN_CONSTANT_CONVERSION = YES;
				CLANG_WARN_DEPRECATED_OBJC_IMPLEMENTATIONS = YES;
				CLANG_WARN_DIRECT_OBJC_ISA_USAGE = YES_ERROR;
				CLANG_WARN_DOCUMENTATION_COMMENTS = YES;
				CLANG_WARN_EMPTY_BODY = YES;
				CLANG_WARN_ENUM_CONVERSION = YES;
				CLANG_WARN_INFINITE_RECURSION = YES;
				CLANG_WARN_INT_CONVERSION = YES;
				CLANG_WARN_NON_LITERAL_NULL_CONVERSION = YES;
				CLANG_WARN_OBJC_IMPLICIT_RETAIN_SELF = YES;
				CLANG_WARN_OBJC_LITERAL_CONVERSION = YES;
				CLANG_WARN_OBJC_ROOT_CLASS = YES_ERROR;
				CLANG_WARN_QUOTED_INCLUDE_IN_FRAMEWORK_HEADER = YES;
				CLANG_WARN_RANGE_LOOP_ANALYSIS = YES;
				CLANG_WARN_STRICT_PROTOTYPES = YES;
				CLANG_WARN_SUSPICIOUS_MOVE = YES;
				CLANG_WARN_UNGUARDED_AVAILABILITY = YES_AGGRESSIVE;
				CLANG_WARN_UNREACHABLE_CODE = YES;
				CLANG_WARN__DUPLICATE_METHOD_MATCH = YES;
				COPY_PHASE_STRIP = NO;
				DEBUG_INFORMATION_FORMAT = dwarf;
				ENABLE_STRICT_OBJC_MSGSEND = YES;
				ENABLE_TESTABILITY = YES;
				ENABLE_USER_SCRIPT_SANDBOXING = YES;
				GCC_C_LANGUAGE_STANDARD = gnu17;
				GCC_DYNAMIC_NO_PIC = NO;
				GCC_NO_COMMON_BLOCKS = YES;
				GCC_OPTIMIZATION_LEVEL = 0;
				GCC_PREPROCESSOR_DEFINITIONS = (
					"DEBUG=1",
					"$(inherited)",
				);
				GCC_WARN_64_TO_32_BIT_CONVERSION = YES;
				GCC_WARN_ABOUT_RETURN_TYPE = YES_ERROR;
				GCC_WARN_UNDECLARED_SELECTOR = YES;
				GCC_WARN_UNINITIALIZED_AUTOS = YES_AGGRESSIVE;
				GCC_WARN_UNUSED_FUNCTION = YES;
				GCC_WARN_UNUSED_VARIABLE = YES;
				IPHONEOS_DEPLOYMENT_TARGET = 18.4;
				LOCALIZATION_PREFERS_STRING_CATALOGS = YES;
				MTL_ENABLE_DEBUG_INFO = INCLUDE_SOURCE;
				MTL_FAST_MATH = YES;
				ONLY_ACTIVE_ARCH = YES;
				SDKROOT = iphoneos;
				SWIFT_ACTIVE_COMPILATION_CONDITIONS = "DEBUG $(inherited)";
				SWIFT_OPTIMIZATION_LEVEL = "-Onone";
			};
			name = Debug;
		};
		DEB3C6242E91B17B00CDEB94 /* Release */ = {
			isa = XCBuildConfiguration;
			buildSettings = {
				ALWAYS_SEARCH_USER_PATHS = NO;
				ASSETCATALOG_COMPILER_GENERATE_SWIFT_ASSET_SYMBOL_EXTENSIONS = YES;
				CLANG_ANALYZER_NONNULL = YES;
				CLANG_ANALYZER_NUMBER_OBJECT_CONVERSION = YES_AGGRESSIVE;
				CLANG_CXX_LANGUAGE_STANDARD = "gnu++20";
				CLANG_ENABLE_MODULES = YES;
				CLANG_ENABLE_OBJC_ARC = YES;
				CLANG_ENABLE_OBJC_WEAK = YES;
				CLANG_WARN_BLOCK_CAPTURE_AUTORELEASING = YES;
				CLANG_WARN_BOOL_CONVERSION = YES;
				CLANG_WARN_COMMA = YES;
				CLANG_WARN_CONSTANT_CONVERSION = YES;
				CLANG_WARN_DEPRECATED_OBJC_IMPLEMENTATIONS = YES;
				CLANG_WARN_DIRECT_OBJC_ISA_USAGE = YES_ERROR;
				CLANG_WARN_DOCUMENTATION_COMMENTS = YES;
				CLANG_WARN_EMPTY_BODY = YES;
				CLANG_WARN_ENUM_CONVERSION = YES;
				CLANG_WARN_INFINITE_RECURSION = YES;
				CLANG_WARN_INT_CONVERSION = YES;
				CLANG_WARN_NON_LITERAL_NULL_CONVERSION = YES;
				CLANG_WARN_OBJC_IMPLICIT_RETAIN_SELF = YES;
				CLANG_WARN_OBJC_LITERAL_CONVERSION = YES;
				CLANG_WARN_OBJC_ROOT_CLASS = YES_ERROR;
				CLANG_WARN_QUOTED_INCLUDE_IN_FRAMEWORK_HEADER = YES;
				CLANG_WARN_RANGE_LOOP_ANALYSIS = YES;
				CLANG_WARN_STRICT_PROTOTYPES = YES;
				CLANG_WARN_SUSPICIOUS_MOVE = YES;
				CLANG_WARN_UNGUARDED_AVAILABILITY = YES_AGGRESSIVE;
				CLANG_WARN_UNREACHABLE_CODE = YES;
				CLANG_WARN__DUPLICATE_METHOD_MATCH = YES;
				COPY_PHASE_STRIP = NO;
				DEBUG_INFORMATION_FORMAT = "dwarf-with-dsym";
				ENABLE_NS_ASSERTIONS = NO;
				ENABLE_STRICT_OBJC_MSGSEND = YES;
				ENABLE_USER_SCRIPT_SANDBOXING = YES;
				GCC_C_LANGUAGE_STANDARD = gnu17;
				GCC_NO_COMMON_BLOCKS = YES;
				GCC_WARN_64_TO_32_BIT_CONVERSION = YES;
				GCC_WARN_ABOUT_RETURN_TYPE = YES_ERROR;
				GCC_WARN_UNDECLARED_SELECTOR = YES;
				GCC_WARN_UNINITIALIZED_AUTOS = YES_AGGRESSIVE;
				GCC_WARN_UNUSED_FUNCTION = YES;
				GCC_WARN_UNUSED_VARIABLE = YES;
				IPHONEOS_DEPLOYMENT_TARGET = 18.4;
				LOCALIZATION_PREFERS_STRING_CATALOGS = YES;
				MTL_ENABLE_DEBUG_INFO = NO;
				MTL_FAST_MATH = YES;
				SDKROOT = iphoneos;
				SWIFT_COMPILATION_MODE = wholemodule;
				VALIDATE_PRODUCT = YES;
			};
			name = Release;
		};
		DEB3C6262E91B17B00CDEB94 /* Debug */ = {
			isa = XCBuildConfiguration;
			buildSettings = {
				ASSETCATALOG_COMPILER_APPICON_NAME = AppIcon;
				ASSETCATALOG_COMPILER_GLOBAL_ACCENT_COLOR_NAME = AccentColor;
				CODE_SIGN_STYLE = Automatic;
				CURRENT_PROJECT_VERSION = 1;
				DEVELOPMENT_TEAM = F23TVSRSU4;
				ENABLE_PREVIEWS = YES;
				GENERATE_INFOPLIST_FILE = YES;
				INFOPLIST_KEY_LSApplicationCategoryType = "public.app-category.education";
				INFOPLIST_KEY_NSCameraUsageDescription = "";
				INFOPLIST_KEY_UIApplicationSupportsIndirectInputEvents = YES;
				INFOPLIST_KEY_UILaunchScreen_Generation = YES;
				INFOPLIST_KEY_UIRequiredDeviceCapabilities = arkit;
				INFOPLIST_KEY_UIStatusBarHidden = YES;
				INFOPLIST_KEY_UISupportedInterfaceOrientations_iPad = "UIInterfaceOrientationPortrait UIInterfaceOrientationPortraitUpsideDown UIInterfaceOrientationLandscapeLeft UIInterfaceOrientationLandscapeRight";
				INFOPLIST_KEY_UISupportedInterfaceOrientations_iPhone = "UIInterfaceOrientationPortrait UIInterfaceOrientationLandscapeLeft UIInterfaceOrientationLandscapeRight";
				LD_RUNPATH_SEARCH_PATHS = (
					"$(inherited)",
					"@executable_path/Frameworks",
				);
				MARKETING_VERSION = 1.0;
				PRODUCT_BUNDLE_IDENTIFIER = "AeroTontos.SpaceApps-Platano";
				PRODUCT_NAME = "$(TARGET_NAME)";
				SWIFT_EMIT_LOC_STRINGS = YES;
				SWIFT_VERSION = 5.0;
				TARGETED_DEVICE_FAMILY = "1,2";
			};
			name = Debug;
		};
		DEB3C6272E91B17B00CDEB94 /* Release */ = {
			isa = XCBuildConfiguration;
			buildSettings = {
				ASSETCATALOG_COMPILER_APPICON_NAME = AppIcon;
				ASSETCATALOG_COMPILER_GLOBAL_ACCENT_COLOR_NAME = AccentColor;
				CODE_SIGN_STYLE = Automatic;
				CURRENT_PROJECT_VERSION = 1;
				DEVELOPMENT_TEAM = F23TVSRSU4;
				ENABLE_PREVIEWS = YES;
				GENERATE_INFOPLIST_FILE = YES;
				INFOPLIST_KEY_LSApplicationCategoryType = "public.app-category.education";
				INFOPLIST_KEY_NSCameraUsageDescription = "";
				INFOPLIST_KEY_UIApplicationSupportsIndirectInputEvents = YES;
				INFOPLIST_KEY_UILaunchScreen_Generation = YES;
				INFOPLIST_KEY_UIRequiredDeviceCapabilities = arkit;
				INFOPLIST_KEY_UIStatusBarHidden = YES;
				INFOPLIST_KEY_UISupportedInterfaceOrientations_iPad = "UIInterfaceOrientationPortrait UIInterfaceOrientationPortraitUpsideDown UIInterfaceOrientationLandscapeLeft UIInterfaceOrientationLandscapeRight";
				INFOPLIST_KEY_UISupportedInterfaceOrientations_iPhone = "UIInterfaceOrientationPortrait UIInterfaceOrientationLandscapeLeft UIInterfaceOrientationLandscapeRight";
				LD_RUNPATH_SEARCH_PATHS = (
					"$(inherited)",
					"@executable_path/Frameworks",
				);
				MARKETING_VERSION = 1.0;
				PRODUCT_BUNDLE_IDENTIFIER = "AeroTontos.SpaceApps-Platano";
				PRODUCT_NAME = "$(TARGET_NAME)";
				SWIFT_EMIT_LOC_STRINGS = YES;
				SWIFT_VERSION = 5.0;
				TARGETED_DEVICE_FAMILY = "1,2";
			};
			name = Release;
		};
		DEB3C6292E91B17B00CDEB94 /* Debug */ = {
			isa = XCBuildConfiguration;
			buildSettings = {
				BUNDLE_LOADER = "$(TEST_HOST)";
				CODE_SIGN_STYLE = Automatic;
				CURRENT_PROJECT_VERSION = 1;
				GENERATE_INFOPLIST_FILE = YES;
				IPHONEOS_DEPLOYMENT_TARGET = 18.4;
				MARKETING_VERSION = 1.0;
				PRODUCT_BUNDLE_IDENTIFIER = "AeroTontos.SpaceApps-PlatanoTests";
				PRODUCT_NAME = "$(TARGET_NAME)";
				SWIFT_EMIT_LOC_STRINGS = NO;
				SWIFT_VERSION = 5.0;
				TARGETED_DEVICE_FAMILY = "1,2";
				TEST_HOST = "$(BUILT_PRODUCTS_DIR)/SpaceApps_Platano.app/$(BUNDLE_EXECUTABLE_FOLDER_PATH)/SpaceApps_Platano";
			};
			name = Debug;
		};
		DEB3C62A2E91B17B00CDEB94 /* Release */ = {
			isa = XCBuildConfiguration;
			buildSettings = {
				BUNDLE_LOADER = "$(TEST_HOST)";
				CODE_SIGN_STYLE = Automatic;
				CURRENT_PROJECT_VERSION = 1;
				GENERATE_INFOPLIST_FILE = YES;
				IPHONEOS_DEPLOYMENT_TARGET = 18.4;
				MARKETING_VERSION = 1.0;
				PRODUCT_BUNDLE_IDENTIFIER = "AeroTontos.SpaceApps-PlatanoTests";
				PRODUCT_NAME = "$(TARGET_NAME)";
				SWIFT_EMIT_LOC_STRINGS = NO;
				SWIFT_VERSION = 5.0;
				TARGETED_DEVICE_FAMILY = "1,2";
				TEST_HOST = "$(BUILT_PRODUCTS_DIR)/SpaceApps_Platano.app/$(BUNDLE_EXECUTABLE_FOLDER_PATH)/SpaceApps_Platano";
			};
			name = Release;
		};
		DEB3C62C2E91B17B00CDEB94 /* Debug */ = {
			isa = XCBuildConfiguration;
			buildSettings = {
				CODE_SIGN_STYLE = Automatic;
				CURRENT_PROJECT_VERSION = 1;
				GENERATE_INFOPLIST_FILE = YES;
				MARKETING_VERSION = 1.0;
				PRODUCT_BUNDLE_IDENTIFIER = "AeroTontos.SpaceApps-PlatanoUITests";
				PRODUCT_NAME = "$(TARGET_NAME)";
				SWIFT_EMIT_LOC_STRINGS = NO;
				SWIFT_VERSION = 5.0;
				TARGETED_DEVICE_FAMILY = "1,2";
				TEST_TARGET_NAME = SpaceApps_Platano;
			};
			name = Debug;
		};
		DEB3C62D2E91B17B00CDEB94 /* Release */ = {
			isa = XCBuildConfiguration;
			buildSettings = {
				CODE_SIGN_STYLE = Automatic;
				CURRENT_PROJECT_VERSION = 1;
				GENERATE_INFOPLIST_FILE = YES;
				MARKETING_VERSION = 1.0;
				PRODUCT_BUNDLE_IDENTIFIER = "AeroTontos.SpaceApps-PlatanoUITests";
				PRODUCT_NAME = "$(TARGET_NAME)";
				SWIFT_EMIT_LOC_STRINGS = NO;
				SWIFT_VERSION = 5.0;
				TARGETED_DEVICE_FAMILY = "1,2";
				TEST_TARGET_NAME = SpaceApps_Platano;
			};
			name = Release;
		};
/* End XCBuildConfiguration section */

/* Begin XCConfigurationList section */
		DEB3C5FF2E91B17900CDEB94 /* Build configuration list for PBXProject "SpaceApps_Platano" */ = {
			isa = XCConfigurationList;
			buildConfigurations = (
				DEB3C6232E91B17B00CDEB94 /* Debug */,
				DEB3C6242E91B17B00CDEB94 /* Release */,
			);
			defaultConfigurationIsVisible = 0;
			defaultConfigurationName = Release;
		};
		DEB3C6252E91B17B00CDEB94 /* Build configuration list for PBXNativeTarget "SpaceApps_Platano" */ = {
			isa = XCConfigurationList;
			buildConfigurations = (
				DEB3C6262E91B17B00CDEB94 /* Debug */,
				DEB3C6272E91B17B00CDEB94 /* Release */,
			);
			defaultConfigurationIsVisible = 0;
			defaultConfigurationName = Release;
		};
		DEB3C6282E91B17B00CDEB94 /* Build configuration list for PBXNativeTarget "SpaceApps_PlatanoTests" */ = {
			isa = XCConfigurationList;
			buildConfigurations = (
				DEB3C6292E91B17B00CDEB94 /* Debug */,
				DEB3C62A2E91B17B00CDEB94 /* Release */,
			);
			defaultConfigurationIsVisible = 0;
			defaultConfigurationName = Release;
		};
		DEB3C62B2E91B17B00CDEB94 /* Build configuration list for PBXNativeTarget "SpaceApps_PlatanoUITests" */ = {
			isa = XCConfigurationList;
			buildConfigurations = (
				DEB3C62C2E91B17B00CDEB94 /* Debug */,
				DEB3C62D2E91B17B00CDEB94 /* Release */,
			);
			defaultConfigurationIsVisible = 0;
			defaultConfigurationName = Release;
		};
/* End XCConfigurationList section */
	};
	rootObject = DEB3C5FC2E91B17900CDEB94 /* Project object */;
}
